
Microsoft Visual Studio Solution File, Format Version 12.00
# Visual Studio Version 17
VisualStudioVersion = 17.3.32825.248
MinimumVisualStudioVersion = 10.0.40219.1
Project("{FAE04EC0-301F-11D3-BF4B-00C04F79EFBC}") = "ConsoleApp17", "ConsoleApp17.csproj", "{572247B6-EEA6-4E26-890A-CEE734BAC8A5}"
EndProject
Global
	GlobalSection(SolutionConfigurationPlatforms) = preSolution
		Debug|Any CPU = Debug|Any CPU
		Release|Any CPU = Release|Any CPU
	EndGlobalSection
	GlobalSection(ProjectConfigurationPlatforms) = postSolution
		{572247B6-EEA6-4E26-890A-CEE734BAC8A5}.Debug|Any CPU.ActiveCfg = Debug|Any CPU
		{572247B6-EEA6-4E26-890A-CEE734BAC8A5}.Debug|Any CPU.Build.0 = Debug|Any CPU
		{572247B6-EEA6-4E26-890A-CEE734BAC8A5}.Release|Any CPU.ActiveCfg = Release|Any CPU
		{572247B6-EEA6-4E26-890A-CEE734BAC8A5}.Release|Any CPU.Build.0 = Release|Any CPU
	EndGlobalSection
	GlobalSection(SolutionProperties) = preSolution
		HideSolutionNode = FALSE
	EndGlobalSection
	GlobalSection(ExtensibilityGlobals) = postSolution
		SolutionGuid = {892D9025-91EC-44F8-89AD-CACB9298813B}
	EndGlobalSection
EndGlobal
