
Microsoft Visual Studio Solution File, Format Version 12.00
# Visual Studio Version 17
VisualStudioVersion = 17.3.32825.248
MinimumVisualStudioVersion = 10.0.40219.1
Project("{FAE04EC0-301F-11D3-BF4B-00C04F79EFBC}") = "ConsoleApp13", "ConsoleApp13.csproj", "{AC537EBF-C13D-41DF-97C2-3D3F2F775DA0}"
EndProject
Global
	GlobalSection(SolutionConfigurationPlatforms) = preSolution
		Debug|Any CPU = Debug|Any CPU
		Release|Any CPU = Release|Any CPU
	EndGlobalSection
	GlobalSection(ProjectConfigurationPlatforms) = postSolution
		{AC537EBF-C13D-41DF-97C2-3D3F2F775DA0}.Debug|Any CPU.ActiveCfg = Debug|Any CPU
		{AC537EBF-C13D-41DF-97C2-3D3F2F775DA0}.Debug|Any CPU.Build.0 = Debug|Any CPU
		{AC537EBF-C13D-41DF-97C2-3D3F2F775DA0}.Release|Any CPU.ActiveCfg = Release|Any CPU
		{AC537EBF-C13D-41DF-97C2-3D3F2F775DA0}.Release|Any CPU.Build.0 = Release|Any CPU
	EndGlobalSection
	GlobalSection(SolutionProperties) = preSolution
		HideSolutionNode = FALSE
	EndGlobalSection
	GlobalSection(ExtensibilityGlobals) = postSolution
		SolutionGuid = {7B933F4E-0DB5-45FD-9752-12D8AD823AD7}
	EndGlobalSection
EndGlobal
